
Microsoft Visual Studio Solution File, Format Version 12.00
# Visual Studio Version 16
VisualStudioVersion = 25.0.1705.6
MinimumVisualStudioVersion = 10.0.40219.1
Project("{FAE04EC0-301F-11D3-BF4B-00C04F79EFBC}") = "Geniy_Idiot_ConsoleApp", "Geniy_Idiot_ConsoleApp\Geniy_Idiot_ConsoleApp.csproj", "{B33A5841-B93E-400A-AFF8-6F1657C1E131}"
EndProject
Global
	GlobalSection(SolutionConfigurationPlatforms) = preSolution
		Debug|Any CPU = Debug|Any CPU
		Release|Any CPU = Release|Any CPU
	EndGlobalSection
	GlobalSection(ProjectConfigurationPlatforms) = postSolution
		{B33A5841-B93E-400A-AFF8-6F1657C1E131}.Debug|Any CPU.ActiveCfg = Debug|Any CPU
		{B33A5841-B93E-400A-AFF8-6F1657C1E131}.Debug|Any CPU.Build.0 = Debug|Any CPU
		{B33A5841-B93E-400A-AFF8-6F1657C1E131}.Release|Any CPU.ActiveCfg = Release|Any CPU
		{B33A5841-B93E-400A-AFF8-6F1657C1E131}.Release|Any CPU.Build.0 = Release|Any CPU
	EndGlobalSection
	GlobalSection(SolutionProperties) = preSolution
		HideSolutionNode = FALSE
	EndGlobalSection
	GlobalSection(ExtensibilityGlobals) = postSolution
		SolutionGuid = {10D9EF7D-2F04-4900-9F5C-D22A90750C7E}
	EndGlobalSection
EndGlobal
